
Microsoft Visual Studio Solution File, Format Version 12.00
# Visual Studio Version 17
VisualStudioVersion = 17.8.34525.116
MinimumVisualStudioVersion = 10.0.40219.1
Project("{9A19103F-16F7-4668-BE54-9A1E7A4F7556}") = "BlazorSimpleSample", "BlazorSimpleSample.csproj", "{7E3B863B-5327-47AC-869B-032F4A3298B0}"
EndProject
Global
	GlobalSection(SolutionConfigurationPlatforms) = preSolution
		Debug|Any CPU = Debug|Any CPU
		Release|Any CPU = Release|Any CPU
	EndGlobalSection
	GlobalSection(ProjectConfigurationPlatforms) = postSolution
		{7E3B863B-5327-47AC-869B-032F4A3298B0}.Debug|Any CPU.ActiveCfg = Debug|Any CPU
		{7E3B863B-5327-47AC-869B-032F4A3298B0}.Debug|Any CPU.Build.0 = Debug|Any CPU
		{7E3B863B-5327-47AC-869B-032F4A3298B0}.Release|Any CPU.ActiveCfg = Release|Any CPU
		{7E3B863B-5327-47AC-869B-032F4A3298B0}.Release|Any CPU.Build.0 = Release|Any CPU
	EndGlobalSection
	GlobalSection(SolutionProperties) = preSolution
		HideSolutionNode = FALSE
	EndGlobalSection
	GlobalSection(ExtensibilityGlobals) = postSolution
		SolutionGuid = {B20CC6A1-A182-4CA2-B861-56B47AA6B426}
	EndGlobalSection
EndGlobal
